
Microsoft Visual Studio Solution File, Format Version 12.00
# Visual Studio Version 16
VisualStudioVersion = 16.0.31112.23
MinimumVisualStudioVersion = 10.0.40219.1
Project("{FAE04EC0-301F-11D3-BF4B-00C04F79EFBC}") = "YtMultimediaLibrary", "YtMultimediaLibrary.csproj", "{57EE5B97-46BA-447C-9276-273C90E6085E}"
EndProject
Project("{FAE04EC0-301F-11D3-BF4B-00C04F79EFBC}") = "YtMultimediaLibraryTests", "..\YtMultimediaLibraryTests\YtMultimediaLibraryTests.csproj", "{677B3848-AEEF-4D17-906E-2AEF711D1B8C}"
EndProject
Global
	GlobalSection(SolutionConfigurationPlatforms) = preSolution
		Debug|Any CPU = Debug|Any CPU
		Release|Any CPU = Release|Any CPU
	EndGlobalSection
	GlobalSection(ProjectConfigurationPlatforms) = postSolution
		{57EE5B97-46BA-447C-9276-273C90E6085E}.Debug|Any CPU.ActiveCfg = Debug|Any CPU
		{57EE5B97-46BA-447C-9276-273C90E6085E}.Debug|Any CPU.Build.0 = Debug|Any CPU
		{57EE5B97-46BA-447C-9276-273C90E6085E}.Release|Any CPU.ActiveCfg = Release|Any CPU
		{57EE5B97-46BA-447C-9276-273C90E6085E}.Release|Any CPU.Build.0 = Release|Any CPU
		{677B3848-AEEF-4D17-906E-2AEF711D1B8C}.Debug|Any CPU.ActiveCfg = Debug|Any CPU
		{677B3848-AEEF-4D17-906E-2AEF711D1B8C}.Debug|Any CPU.Build.0 = Debug|Any CPU
		{677B3848-AEEF-4D17-906E-2AEF711D1B8C}.Release|Any CPU.ActiveCfg = Release|Any CPU
		{677B3848-AEEF-4D17-906E-2AEF711D1B8C}.Release|Any CPU.Build.0 = Release|Any CPU
	EndGlobalSection
	GlobalSection(SolutionProperties) = preSolution
		HideSolutionNode = FALSE
	EndGlobalSection
	GlobalSection(ExtensibilityGlobals) = postSolution
		SolutionGuid = {2FECE914-118A-47CB-BAA2-86E3CA904274}
	EndGlobalSection
EndGlobal
